
Microsoft Visual Studio Solution File, Format Version 12.00
# Visual Studio 15
VisualStudioVersion = 15.0.27130.0
MinimumVisualStudioVersion = 10.0.40219.1
Project("{FAE04EC0-301F-11D3-BF4B-00C04F79EFBC}") = "AzureStorage.UWP", "AzureStorage.UWP\AzureStorage.UWP.csproj", "{9C59F895-FCE7-41BE-8396-C89D54B4ECB9}"
EndProject
Project("{D954291E-2A0B-460D-934E-DC6B0785DB48}") = "AzureStorage.Shared", "AzureStorage.Shared\AzureStorage.Shared.shproj", "{A0CDBD0E-3A41-42B7-9425-A838BC2C7383}"
EndProject
Project("{FAE04EC0-301F-11D3-BF4B-00C04F79EFBC}") = "AzureStorage.Android", "AzureStorage.Android\AzureStorage.Android.csproj", "{6D03251A-62FC-46DA-8476-754AE826D301}"
EndProject
Project("{FAE04EC0-301F-11D3-BF4B-00C04F79EFBC}") = "AzureStorage.iOS", "AzureStorage.iOS\AzureStorage.iOS.csproj", "{16E28AF9-DEBE-432A-BAC5-2B5BF075B004}"
EndProject
Project("{FAE04EC0-301F-11D3-BF4B-00C04F79EFBC}") = "AzureStorage.Windows", "AzureStorage.Windows\AzureStorage.Windows.csproj", "{47325300-55F0-4C83-95C8-880A010A296F}"
EndProject
Project("{FAE04EC0-301F-11D3-BF4B-00C04F79EFBC}") = "MonoGame.Common", "..\MonoGame.Common\MonoGame.Common\MonoGame.Common.csproj", "{A2752CD1-0CC2-42F7-B775-1492D7A4B6BC}"
EndProject
Global
	GlobalSection(SharedMSBuildProjectFiles) = preSolution
		AzureStorage.Shared\AzureStorage.Shared.projitems*{16e28af9-debe-432a-bac5-2b5bf075b004}*SharedItemsImports = 4
		AzureStorage.Shared\AzureStorage.Shared.projitems*{47325300-55f0-4c83-95c8-880a010a296f}*SharedItemsImports = 4
		AzureStorage.Shared\AzureStorage.Shared.projitems*{6d03251a-62fc-46da-8476-754ae826d301}*SharedItemsImports = 4
		AzureStorage.Shared\AzureStorage.Shared.projitems*{9c59f895-fce7-41be-8396-c89d54b4ecb9}*SharedItemsImports = 4
		AzureStorage.Shared\AzureStorage.Shared.projitems*{a0cdbd0e-3a41-42b7-9425-a838bc2c7383}*SharedItemsImports = 13
	EndGlobalSection
	GlobalSection(SolutionConfigurationPlatforms) = preSolution
		Ad-Hoc|Any CPU = Ad-Hoc|Any CPU
		Ad-Hoc|ARM = Ad-Hoc|ARM
		Ad-Hoc|iPhone = Ad-Hoc|iPhone
		Ad-Hoc|iPhoneSimulator = Ad-Hoc|iPhoneSimulator
		Ad-Hoc|x64 = Ad-Hoc|x64
		Ad-Hoc|x86 = Ad-Hoc|x86
		AppStore|Any CPU = AppStore|Any CPU
		AppStore|ARM = AppStore|ARM
		AppStore|iPhone = AppStore|iPhone
		AppStore|iPhoneSimulator = AppStore|iPhoneSimulator
		AppStore|x64 = AppStore|x64
		AppStore|x86 = AppStore|x86
		Debug|Any CPU = Debug|Any CPU
		Debug|ARM = Debug|ARM
		Debug|iPhone = Debug|iPhone
		Debug|iPhoneSimulator = Debug|iPhoneSimulator
		Debug|x64 = Debug|x64
		Debug|x86 = Debug|x86
		Release|Any CPU = Release|Any CPU
		Release|ARM = Release|ARM
		Release|iPhone = Release|iPhone
		Release|iPhoneSimulator = Release|iPhoneSimulator
		Release|x64 = Release|x64
		Release|x86 = Release|x86
	EndGlobalSection
	GlobalSection(ProjectConfigurationPlatforms) = postSolution
		{9C59F895-FCE7-41BE-8396-C89D54B4ECB9}.Ad-Hoc|Any CPU.ActiveCfg = Release|x86
		{9C59F895-FCE7-41BE-8396-C89D54B4ECB9}.Ad-Hoc|Any CPU.Build.0 = Release|x86
		{9C59F895-FCE7-41BE-8396-C89D54B4ECB9}.Ad-Hoc|Any CPU.Deploy.0 = Release|x86
		{9C59F895-FCE7-41BE-8396-C89D54B4ECB9}.Ad-Hoc|ARM.ActiveCfg = Release|ARM
		{9C59F895-FCE7-41BE-8396-C89D54B4ECB9}.Ad-Hoc|ARM.Build.0 = Release|ARM
		{9C59F895-FCE7-41BE-8396-C89D54B4ECB9}.Ad-Hoc|ARM.Deploy.0 = Release|ARM
		{9C59F895-FCE7-41BE-8396-C89D54B4ECB9}.Ad-Hoc|iPhone.ActiveCfg = Release|x86
		{9C59F895-FCE7-41BE-8396-C89D54B4ECB9}.Ad-Hoc|iPhone.Build.0 = Release|x86
		{9C59F895-FCE7-41BE-8396-C89D54B4ECB9}.Ad-Hoc|iPhone.Deploy.0 = Release|x86
		{9C59F895-FCE7-41BE-8396-C89D54B4ECB9}.Ad-Hoc|iPhoneSimulator.ActiveCfg = Release|x86
		{9C59F895-FCE7-41BE-8396-C89D54B4ECB9}.Ad-Hoc|iPhoneSimulator.Build.0 = Release|x86
		{9C59F895-FCE7-41BE-8396-C89D54B4ECB9}.Ad-Hoc|iPhoneSimulator.Deploy.0 = Release|x86
		{9C59F895-FCE7-41BE-8396-C89D54B4ECB9}.Ad-Hoc|x64.ActiveCfg = Release|x64
		{9C59F895-FCE7-41BE-8396-C89D54B4ECB9}.Ad-Hoc|x64.Build.0 = Release|x64
		{9C59F895-FCE7-41BE-8396-C89D54B4ECB9}.Ad-Hoc|x64.Deploy.0 = Release|x64
		{9C59F895-FCE7-41BE-8396-C89D54B4ECB9}.Ad-Hoc|x86.ActiveCfg = Release|x86
		{9C59F895-FCE7-41BE-8396-C89D54B4ECB9}.Ad-Hoc|x86.Build.0 = Release|x86
		{9C59F895-FCE7-41BE-8396-C89D54B4ECB9}.Ad-Hoc|x86.Deploy.0 = Release|x86
		{9C59F895-FCE7-41BE-8396-C89D54B4ECB9}.AppStore|Any CPU.ActiveCfg = Release|x86
		{9C59F895-FCE7-41BE-8396-C89D54B4ECB9}.AppStore|Any CPU.Build.0 = Release|x86
		{9C59F895-FCE7-41BE-8396-C89D54B4ECB9}.AppStore|Any CPU.Deploy.0 = Release|x86
		{9C59F895-FCE7-41BE-8396-C89D54B4ECB9}.AppStore|ARM.ActiveCfg = Release|ARM
		{9C59F895-FCE7-41BE-8396-C89D54B4ECB9}.AppStore|ARM.Build.0 = Release|ARM
		{9C59F895-FCE7-41BE-8396-C89D54B4ECB9}.AppStore|ARM.Deploy.0 = Release|ARM
		{9C59F895-FCE7-41BE-8396-C89D54B4ECB9}.AppStore|iPhone.ActiveCfg = Release|x86
		{9C59F895-FCE7-41BE-8396-C89D54B4ECB9}.AppStore|iPhone.Build.0 = Release|x86
		{9C59F895-FCE7-41BE-8396-C89D54B4ECB9}.AppStore|iPhone.Deploy.0 = Release|x86
		{9C59F895-FCE7-41BE-8396-C89D54B4ECB9}.AppStore|iPhoneSimulator.ActiveCfg = Release|x86
		{9C59F895-FCE7-41BE-8396-C89D54B4ECB9}.AppStore|iPhoneSimulator.Build.0 = Release|x86
		{9C59F895-FCE7-41BE-8396-C89D54B4ECB9}.AppStore|iPhoneSimulator.Deploy.0 = Release|x86
		{9C59F895-FCE7-41BE-8396-C89D54B4ECB9}.AppStore|x64.ActiveCfg = Release|x64
		{9C59F895-FCE7-41BE-8396-C89D54B4ECB9}.AppStore|x64.Build.0 = Release|x64
		{9C59F895-FCE7-41BE-8396-C89D54B4ECB9}.AppStore|x64.Deploy.0 = Release|x64
		{9C59F895-FCE7-41BE-8396-C89D54B4ECB9}.AppStore|x86.ActiveCfg = Release|x86
		{9C59F895-FCE7-41BE-8396-C89D54B4ECB9}.AppStore|x86.Build.0 = Release|x86
		{9C59F895-FCE7-41BE-8396-C89D54B4ECB9}.AppStore|x86.Deploy.0 = Release|x86
		{9C59F895-FCE7-41BE-8396-C89D54B4ECB9}.Debug|Any CPU.ActiveCfg = Debug|x86
		{9C59F895-FCE7-41BE-8396-C89D54B4ECB9}.Debug|ARM.ActiveCfg = Debug|ARM
		{9C59F895-FCE7-41BE-8396-C89D54B4ECB9}.Debug|ARM.Build.0 = Debug|ARM
		{9C59F895-FCE7-41BE-8396-C89D54B4ECB9}.Debug|ARM.Deploy.0 = Debug|ARM
		{9C59F895-FCE7-41BE-8396-C89D54B4ECB9}.Debug|iPhone.ActiveCfg = Debug|x86
		{9C59F895-FCE7-41BE-8396-C89D54B4ECB9}.Debug|iPhoneSimulator.ActiveCfg = Debug|x86
		{9C59F895-FCE7-41BE-8396-C89D54B4ECB9}.Debug|x64.ActiveCfg = Debug|x64
		{9C59F895-FCE7-41BE-8396-C89D54B4ECB9}.Debug|x64.Build.0 = Debug|x64
		{9C59F895-FCE7-41BE-8396-C89D54B4ECB9}.Debug|x64.Deploy.0 = Debug|x64
		{9C59F895-FCE7-41BE-8396-C89D54B4ECB9}.Debug|x86.ActiveCfg = Debug|x86
		{9C59F895-FCE7-41BE-8396-C89D54B4ECB9}.Debug|x86.Build.0 = Debug|x86
		{9C59F895-FCE7-41BE-8396-C89D54B4ECB9}.Debug|x86.Deploy.0 = Debug|x86
		{9C59F895-FCE7-41BE-8396-C89D54B4ECB9}.Release|Any CPU.ActiveCfg = Release|x86
		{9C59F895-FCE7-41BE-8396-C89D54B4ECB9}.Release|ARM.ActiveCfg = Release|ARM
		{9C59F895-FCE7-41BE-8396-C89D54B4ECB9}.Release|ARM.Build.0 = Release|ARM
		{9C59F895-FCE7-41BE-8396-C89D54B4ECB9}.Release|ARM.Deploy.0 = Release|ARM
		{9C59F895-FCE7-41BE-8396-C89D54B4ECB9}.Release|iPhone.ActiveCfg = Release|x86
		{9C59F895-FCE7-41BE-8396-C89D54B4ECB9}.Release|iPhoneSimulator.ActiveCfg = Release|x86
		{9C59F895-FCE7-41BE-8396-C89D54B4ECB9}.Release|x64.ActiveCfg = Release|x64
		{9C59F895-FCE7-41BE-8396-C89D54B4ECB9}.Release|x64.Build.0 = Release|x64
		{9C59F895-FCE7-41BE-8396-C89D54B4ECB9}.Release|x64.Deploy.0 = Release|x64
		{9C59F895-FCE7-41BE-8396-C89D54B4ECB9}.Release|x86.ActiveCfg = Release|x86
		{9C59F895-FCE7-41BE-8396-C89D54B4ECB9}.Release|x86.Build.0 = Release|x86
		{9C59F895-FCE7-41BE-8396-C89D54B4ECB9}.Release|x86.Deploy.0 = Release|x86
		{6D03251A-62FC-46DA-8476-754AE826D301}.Ad-Hoc|Any CPU.ActiveCfg = Release|Any CPU
		{6D03251A-62FC-46DA-8476-754AE826D301}.Ad-Hoc|Any CPU.Build.0 = Release|Any CPU
		{6D03251A-62FC-46DA-8476-754AE826D301}.Ad-Hoc|Any CPU.Deploy.0 = Release|Any CPU
		{6D03251A-62FC-46DA-8476-754AE826D301}.Ad-Hoc|ARM.ActiveCfg = Release|Any CPU
		{6D03251A-62FC-46DA-8476-754AE826D301}.Ad-Hoc|ARM.Build.0 = Release|Any CPU
		{6D03251A-62FC-46DA-8476-754AE826D301}.Ad-Hoc|ARM.Deploy.0 = Release|Any CPU
		{6D03251A-62FC-46DA-8476-754AE826D301}.Ad-Hoc|iPhone.ActiveCfg = Release|Any CPU
		{6D03251A-62FC-46DA-8476-754AE826D301}.Ad-Hoc|iPhone.Build.0 = Release|Any CPU
		{6D03251A-62FC-46DA-8476-754AE826D301}.Ad-Hoc|iPhone.Deploy.0 = Release|Any CPU
		{6D03251A-62FC-46DA-8476-754AE826D301}.Ad-Hoc|iPhoneSimulator.ActiveCfg = Release|Any CPU
		{6D03251A-62FC-46DA-8476-754AE826D301}.Ad-Hoc|iPhoneSimulator.Build.0 = Release|Any CPU
		{6D03251A-62FC-46DA-8476-754AE826D301}.Ad-Hoc|iPhoneSimulator.Deploy.0 = Release|Any CPU
		{6D03251A-62FC-46DA-8476-754AE826D301}.Ad-Hoc|x64.ActiveCfg = Release|Any CPU
		{6D03251A-62FC-46DA-8476-754AE826D301}.Ad-Hoc|x64.Build.0 = Release|Any CPU
		{6D03251A-62FC-46DA-8476-754AE826D301}.Ad-Hoc|x64.Deploy.0 = Release|Any CPU
		{6D03251A-62FC-46DA-8476-754AE826D301}.Ad-Hoc|x86.ActiveCfg = Release|Any CPU
		{6D03251A-62FC-46DA-8476-754AE826D301}.Ad-Hoc|x86.Build.0 = Release|Any CPU
		{6D03251A-62FC-46DA-8476-754AE826D301}.Ad-Hoc|x86.Deploy.0 = Release|Any CPU
		{6D03251A-62FC-46DA-8476-754AE826D301}.AppStore|Any CPU.ActiveCfg = Release|Any CPU
		{6D03251A-62FC-46DA-8476-754AE826D301}.AppStore|Any CPU.Build.0 = Release|Any CPU
		{6D03251A-62FC-46DA-8476-754AE826D301}.AppStore|Any CPU.Deploy.0 = Release|Any CPU
		{6D03251A-62FC-46DA-8476-754AE826D301}.AppStore|ARM.ActiveCfg = Release|Any CPU
		{6D03251A-62FC-46DA-8476-754AE826D301}.AppStore|ARM.Build.0 = Release|Any CPU
		{6D03251A-62FC-46DA-8476-754AE826D301}.AppStore|ARM.Deploy.0 = Release|Any CPU
		{6D03251A-62FC-46DA-8476-754AE826D301}.AppStore|iPhone.ActiveCfg = Release|Any CPU
		{6D03251A-62FC-46DA-8476-754AE826D301}.AppStore|iPhone.Build.0 = Release|Any CPU
		{6D03251A-62FC-46DA-8476-754AE826D301}.AppStore|iPhone.Deploy.0 = Release|Any CPU
		{6D03251A-62FC-46DA-8476-754AE826D301}.AppStore|iPhoneSimulator.ActiveCfg = Release|Any CPU
		{6D03251A-62FC-46DA-8476-754AE826D301}.AppStore|iPhoneSimulator.Build.0 = Release|Any CPU
		{6D03251A-62FC-46DA-8476-754AE826D301}.AppStore|iPhoneSimulator.Deploy.0 = Release|Any CPU
		{6D03251A-62FC-46DA-8476-754AE826D301}.AppStore|x64.ActiveCfg = Release|Any CPU
		{6D03251A-62FC-46DA-8476-754AE826D301}.AppStore|x64.Build.0 = Release|Any CPU
		{6D03251A-62FC-46DA-8476-754AE826D301}.AppStore|x64.Deploy.0 = Release|Any CPU
		{6D03251A-62FC-46DA-8476-754AE826D301}.AppStore|x86.ActiveCfg = Release|Any CPU
		{6D03251A-62FC-46DA-8476-754AE826D301}.AppStore|x86.Build.0 = Release|Any CPU
		{6D03251A-62FC-46DA-8476-754AE826D301}.AppStore|x86.Deploy.0 = Release|Any CPU
		{6D03251A-62FC-46DA-8476-754AE826D301}.Debug|Any CPU.ActiveCfg = Debug|Any CPU
		{6D03251A-62FC-46DA-8476-754AE826D301}.Debug|Any CPU.Build.0 = Debug|Any CPU
		{6D03251A-62FC-46DA-8476-754AE826D301}.Debug|Any CPU.Deploy.0 = Debug|Any CPU
		{6D03251A-62FC-46DA-8476-754AE826D301}.Debug|ARM.ActiveCfg = Debug|Any CPU
		{6D03251A-62FC-46DA-8476-754AE826D301}.Debug|ARM.Build.0 = Debug|Any CPU
		{6D03251A-62FC-46DA-8476-754AE826D301}.Debug|ARM.Deploy.0 = Debug|Any CPU
		{6D03251A-62FC-46DA-8476-754AE826D301}.Debug|iPhone.ActiveCfg = Debug|Any CPU
		{6D03251A-62FC-46DA-8476-754AE826D301}.Debug|iPhone.Build.0 = Debug|Any CPU
		{6D03251A-62FC-46DA-8476-754AE826D301}.Debug|iPhone.Deploy.0 = Debug|Any CPU
		{6D03251A-62FC-46DA-8476-754AE826D301}.Debug|iPhoneSimulator.ActiveCfg = Debug|Any CPU
		{6D03251A-62FC-46DA-8476-754AE826D301}.Debug|iPhoneSimulator.Build.0 = Debug|Any CPU
		{6D03251A-62FC-46DA-8476-754AE826D301}.Debug|iPhoneSimulator.Deploy.0 = Debug|Any CPU
		{6D03251A-62FC-46DA-8476-754AE826D301}.Debug|x64.ActiveCfg = Debug|Any CPU
		{6D03251A-62FC-46DA-8476-754AE826D301}.Debug|x64.Build.0 = Debug|Any CPU
		{6D03251A-62FC-46DA-8476-754AE826D301}.Debug|x64.Deploy.0 = Debug|Any CPU
		{6D03251A-62FC-46DA-8476-754AE826D301}.Debug|x86.ActiveCfg = Debug|Any CPU
		{6D03251A-62FC-46DA-8476-754AE826D301}.Debug|x86.Build.0 = Debug|Any CPU
		{6D03251A-62FC-46DA-8476-754AE826D301}.Debug|x86.Deploy.0 = Debug|Any CPU
		{6D03251A-62FC-46DA-8476-754AE826D301}.Release|Any CPU.ActiveCfg = Release|Any CPU
		{6D03251A-62FC-46DA-8476-754AE826D301}.Release|Any CPU.Build.0 = Release|Any CPU
		{6D03251A-62FC-46DA-8476-754AE826D301}.Release|Any CPU.Deploy.0 = Release|Any CPU
		{6D03251A-62FC-46DA-8476-754AE826D301}.Release|ARM.ActiveCfg = Release|Any CPU
		{6D03251A-62FC-46DA-8476-754AE826D301}.Release|ARM.Build.0 = Release|Any CPU
		{6D03251A-62FC-46DA-8476-754AE826D301}.Release|ARM.Deploy.0 = Release|Any CPU
		{6D03251A-62FC-46DA-8476-754AE826D301}.Release|iPhone.ActiveCfg = Release|Any CPU
		{6D03251A-62FC-46DA-8476-754AE826D301}.Release|iPhone.Build.0 = Release|Any CPU
		{6D03251A-62FC-46DA-8476-754AE826D301}.Release|iPhone.Deploy.0 = Release|Any CPU
		{6D03251A-62FC-46DA-8476-754AE826D301}.Release|iPhoneSimulator.ActiveCfg = Release|Any CPU
		{6D03251A-62FC-46DA-8476-754AE826D301}.Release|iPhoneSimulator.Build.0 = Release|Any CPU
		{6D03251A-62FC-46DA-8476-754AE826D301}.Release|iPhoneSimulator.Deploy.0 = Release|Any CPU
		{6D03251A-62FC-46DA-8476-754AE826D301}.Release|x64.ActiveCfg = Release|Any CPU
		{6D03251A-62FC-46DA-8476-754AE826D301}.Release|x64.Build.0 = Release|Any CPU
		{6D03251A-62FC-46DA-8476-754AE826D301}.Release|x64.Deploy.0 = Release|Any CPU
		{6D03251A-62FC-46DA-8476-754AE826D301}.Release|x86.ActiveCfg = Release|Any CPU
		{6D03251A-62FC-46DA-8476-754AE826D301}.Release|x86.Build.0 = Release|Any CPU
		{6D03251A-62FC-46DA-8476-754AE826D301}.Release|x86.Deploy.0 = Release|Any CPU
		{16E28AF9-DEBE-432A-BAC5-2B5BF075B004}.Ad-Hoc|Any CPU.ActiveCfg = Ad-Hoc|iPhone
		{16E28AF9-DEBE-432A-BAC5-2B5BF075B004}.Ad-Hoc|ARM.ActiveCfg = Ad-Hoc|iPhone
		{16E28AF9-DEBE-432A-BAC5-2B5BF075B004}.Ad-Hoc|iPhone.ActiveCfg = Ad-Hoc|iPhone
		{16E28AF9-DEBE-432A-BAC5-2B5BF075B004}.Ad-Hoc|iPhone.Build.0 = Ad-Hoc|iPhone
		{16E28AF9-DEBE-432A-BAC5-2B5BF075B004}.Ad-Hoc|iPhoneSimulator.ActiveCfg = Ad-Hoc|iPhoneSimulator
		{16E28AF9-DEBE-432A-BAC5-2B5BF075B004}.Ad-Hoc|iPhoneSimulator.Build.0 = Ad-Hoc|iPhoneSimulator
		{16E28AF9-DEBE-432A-BAC5-2B5BF075B004}.Ad-Hoc|x64.ActiveCfg = Ad-Hoc|iPhone
		{16E28AF9-DEBE-432A-BAC5-2B5BF075B004}.Ad-Hoc|x86.ActiveCfg = Ad-Hoc|iPhone
		{16E28AF9-DEBE-432A-BAC5-2B5BF075B004}.AppStore|Any CPU.ActiveCfg = AppStore|iPhone
		{16E28AF9-DEBE-432A-BAC5-2B5BF075B004}.AppStore|ARM.ActiveCfg = AppStore|iPhone
		{16E28AF9-DEBE-432A-BAC5-2B5BF075B004}.AppStore|iPhone.ActiveCfg = AppStore|iPhone
		{16E28AF9-DEBE-432A-BAC5-2B5BF075B004}.AppStore|iPhone.Build.0 = AppStore|iPhone
		{16E28AF9-DEBE-432A-BAC5-2B5BF075B004}.AppStore|iPhoneSimulator.ActiveCfg = AppStore|iPhoneSimulator
		{16E28AF9-DEBE-432A-BAC5-2B5BF075B004}.AppStore|iPhoneSimulator.Build.0 = AppStore|iPhoneSimulator
		{16E28AF9-DEBE-432A-BAC5-2B5BF075B004}.AppStore|x64.ActiveCfg = AppStore|iPhone
		{16E28AF9-DEBE-432A-BAC5-2B5BF075B004}.AppStore|x86.ActiveCfg = AppStore|iPhone
		{16E28AF9-DEBE-432A-BAC5-2B5BF075B004}.Debug|Any CPU.ActiveCfg = Debug|iPhone
		{16E28AF9-DEBE-432A-BAC5-2B5BF075B004}.Debug|ARM.ActiveCfg = Debug|iPhone
		{16E28AF9-DEBE-432A-BAC5-2B5BF075B004}.Debug|iPhone.ActiveCfg = Debug|iPhone
		{16E28AF9-DEBE-432A-BAC5-2B5BF075B004}.Debug|iPhone.Build.0 = Debug|iPhone
		{16E28AF9-DEBE-432A-BAC5-2B5BF075B004}.Debug|iPhoneSimulator.ActiveCfg = Debug|iPhoneSimulator
		{16E28AF9-DEBE-432A-BAC5-2B5BF075B004}.Debug|iPhoneSimulator.Build.0 = Debug|iPhoneSimulator
		{16E28AF9-DEBE-432A-BAC5-2B5BF075B004}.Debug|x64.ActiveCfg = Debug|iPhone
		{16E28AF9-DEBE-432A-BAC5-2B5BF075B004}.Debug|x86.ActiveCfg = Debug|iPhone
		{16E28AF9-DEBE-432A-BAC5-2B5BF075B004}.Release|Any CPU.ActiveCfg = Release|iPhone
		{16E28AF9-DEBE-432A-BAC5-2B5BF075B004}.Release|ARM.ActiveCfg = Release|iPhone
		{16E28AF9-DEBE-432A-BAC5-2B5BF075B004}.Release|iPhone.ActiveCfg = Release|iPhone
		{16E28AF9-DEBE-432A-BAC5-2B5BF075B004}.Release|iPhone.Build.0 = Release|iPhone
		{16E28AF9-DEBE-432A-BAC5-2B5BF075B004}.Release|iPhoneSimulator.ActiveCfg = Release|iPhoneSimulator
		{16E28AF9-DEBE-432A-BAC5-2B5BF075B004}.Release|iPhoneSimulator.Build.0 = Release|iPhoneSimulator
		{16E28AF9-DEBE-432A-BAC5-2B5BF075B004}.Release|x64.ActiveCfg = Release|iPhone
		{16E28AF9-DEBE-432A-BAC5-2B5BF075B004}.Release|x86.ActiveCfg = Release|iPhone
		{47325300-55F0-4C83-95C8-880A010A296F}.Ad-Hoc|Any CPU.ActiveCfg = Release|x86
		{47325300-55F0-4C83-95C8-880A010A296F}.Ad-Hoc|Any CPU.Build.0 = Release|x86
		{47325300-55F0-4C83-95C8-880A010A296F}.Ad-Hoc|ARM.ActiveCfg = Release|x86
		{47325300-55F0-4C83-95C8-880A010A296F}.Ad-Hoc|ARM.Build.0 = Release|x86
		{47325300-55F0-4C83-95C8-880A010A296F}.Ad-Hoc|iPhone.ActiveCfg = Release|x86
		{47325300-55F0-4C83-95C8-880A010A296F}.Ad-Hoc|iPhone.Build.0 = Release|x86
		{47325300-55F0-4C83-95C8-880A010A296F}.Ad-Hoc|iPhoneSimulator.ActiveCfg = Release|x86
		{47325300-55F0-4C83-95C8-880A010A296F}.Ad-Hoc|iPhoneSimulator.Build.0 = Release|x86
		{47325300-55F0-4C83-95C8-880A010A296F}.Ad-Hoc|x64.ActiveCfg = Release|x86
		{47325300-55F0-4C83-95C8-880A010A296F}.Ad-Hoc|x64.Build.0 = Release|x86
		{47325300-55F0-4C83-95C8-880A010A296F}.Ad-Hoc|x86.ActiveCfg = Release|x86
		{47325300-55F0-4C83-95C8-880A010A296F}.Ad-Hoc|x86.Build.0 = Release|x86
		{47325300-55F0-4C83-95C8-880A010A296F}.AppStore|Any CPU.ActiveCfg = Release|x86
		{47325300-55F0-4C83-95C8-880A010A296F}.AppStore|Any CPU.Build.0 = Release|x86
		{47325300-55F0-4C83-95C8-880A010A296F}.AppStore|ARM.ActiveCfg = Release|x86
		{47325300-55F0-4C83-95C8-880A010A296F}.AppStore|ARM.Build.0 = Release|x86
		{47325300-55F0-4C83-95C8-880A010A296F}.AppStore|iPhone.ActiveCfg = Release|x86
		{47325300-55F0-4C83-95C8-880A010A296F}.AppStore|iPhone.Build.0 = Release|x86
		{47325300-55F0-4C83-95C8-880A010A296F}.AppStore|iPhoneSimulator.ActiveCfg = Release|x86
		{47325300-55F0-4C83-95C8-880A010A296F}.AppStore|iPhoneSimulator.Build.0 = Release|x86
		{47325300-55F0-4C83-95C8-880A010A296F}.AppStore|x64.ActiveCfg = Release|x86
		{47325300-55F0-4C83-95C8-880A010A296F}.AppStore|x64.Build.0 = Release|x86
		{47325300-55F0-4C83-95C8-880A010A296F}.AppStore|x86.ActiveCfg = Release|x86
		{47325300-55F0-4C83-95C8-880A010A296F}.AppStore|x86.Build.0 = Release|x86
		{47325300-55F0-4C83-95C8-880A010A296F}.Debug|Any CPU.ActiveCfg = Debug|x86
		{47325300-55F0-4C83-95C8-880A010A296F}.Debug|ARM.ActiveCfg = Debug|x86
		{47325300-55F0-4C83-95C8-880A010A296F}.Debug|iPhone.ActiveCfg = Debug|x86
		{47325300-55F0-4C83-95C8-880A010A296F}.Debug|iPhoneSimulator.ActiveCfg = Debug|x86
		{47325300-55F0-4C83-95C8-880A010A296F}.Debug|x64.ActiveCfg = Debug|x86
		{47325300-55F0-4C83-95C8-880A010A296F}.Debug|x86.ActiveCfg = Debug|x86
		{47325300-55F0-4C83-95C8-880A010A296F}.Debug|x86.Build.0 = Debug|x86
		{47325300-55F0-4C83-95C8-880A010A296F}.Release|Any CPU.ActiveCfg = Release|x86
		{47325300-55F0-4C83-95C8-880A010A296F}.Release|ARM.ActiveCfg = Release|x86
		{47325300-55F0-4C83-95C8-880A010A296F}.Release|iPhone.ActiveCfg = Release|x86
		{47325300-55F0-4C83-95C8-880A010A296F}.Release|iPhoneSimulator.ActiveCfg = Release|x86
		{47325300-55F0-4C83-95C8-880A010A296F}.Release|x64.ActiveCfg = Release|x86
		{47325300-55F0-4C83-95C8-880A010A296F}.Release|x86.ActiveCfg = Release|x86
		{47325300-55F0-4C83-95C8-880A010A296F}.Release|x86.Build.0 = Release|x86
		{A2752CD1-0CC2-42F7-B775-1492D7A4B6BC}.Ad-Hoc|Any CPU.ActiveCfg = Debug|Any CPU
		{A2752CD1-0CC2-42F7-B775-1492D7A4B6BC}.Ad-Hoc|Any CPU.Build.0 = Debug|Any CPU
		{A2752CD1-0CC2-42F7-B775-1492D7A4B6BC}.Ad-Hoc|ARM.ActiveCfg = Debug|Any CPU
		{A2752CD1-0CC2-42F7-B775-1492D7A4B6BC}.Ad-Hoc|ARM.Build.0 = Debug|Any CPU
		{A2752CD1-0CC2-42F7-B775-1492D7A4B6BC}.Ad-Hoc|iPhone.ActiveCfg = Debug|Any CPU
		{A2752CD1-0CC2-42F7-B775-1492D7A4B6BC}.Ad-Hoc|iPhone.Build.0 = Debug|Any CPU
		{A2752CD1-0CC2-42F7-B775-1492D7A4B6BC}.Ad-Hoc|iPhoneSimulator.ActiveCfg = Debug|Any CPU
		{A2752CD1-0CC2-42F7-B775-1492D7A4B6BC}.Ad-Hoc|iPhoneSimulator.Build.0 = Debug|Any CPU
		{A2752CD1-0CC2-42F7-B775-1492D7A4B6BC}.Ad-Hoc|x64.ActiveCfg = Debug|Any CPU
		{A2752CD1-0CC2-42F7-B775-1492D7A4B6BC}.Ad-Hoc|x64.Build.0 = Debug|Any CPU
		{A2752CD1-0CC2-42F7-B775-1492D7A4B6BC}.Ad-Hoc|x86.ActiveCfg = Debug|Any CPU
		{A2752CD1-0CC2-42F7-B775-1492D7A4B6BC}.Ad-Hoc|x86.Build.0 = Debug|Any CPU
		{A2752CD1-0CC2-42F7-B775-1492D7A4B6BC}.AppStore|Any CPU.ActiveCfg = Debug|Any CPU
		{A2752CD1-0CC2-42F7-B775-1492D7A4B6BC}.AppStore|Any CPU.Build.0 = Debug|Any CPU
		{A2752CD1-0CC2-42F7-B775-1492D7A4B6BC}.AppStore|ARM.ActiveCfg = Debug|Any CPU
		{A2752CD1-0CC2-42F7-B775-1492D7A4B6BC}.AppStore|ARM.Build.0 = Debug|Any CPU
		{A2752CD1-0CC2-42F7-B775-1492D7A4B6BC}.AppStore|iPhone.ActiveCfg = Debug|Any CPU
		{A2752CD1-0CC2-42F7-B775-1492D7A4B6BC}.AppStore|iPhone.Build.0 = Debug|Any CPU
		{A2752CD1-0CC2-42F7-B775-1492D7A4B6BC}.AppStore|iPhoneSimulator.ActiveCfg = Debug|Any CPU
		{A2752CD1-0CC2-42F7-B775-1492D7A4B6BC}.AppStore|iPhoneSimulator.Build.0 = Debug|Any CPU
		{A2752CD1-0CC2-42F7-B775-1492D7A4B6BC}.AppStore|x64.ActiveCfg = Debug|Any CPU
		{A2752CD1-0CC2-42F7-B775-1492D7A4B6BC}.AppStore|x64.Build.0 = Debug|Any CPU
		{A2752CD1-0CC2-42F7-B775-1492D7A4B6BC}.AppStore|x86.ActiveCfg = Debug|Any CPU
		{A2752CD1-0CC2-42F7-B775-1492D7A4B6BC}.AppStore|x86.Build.0 = Debug|Any CPU
		{A2752CD1-0CC2-42F7-B775-1492D7A4B6BC}.Debug|Any CPU.ActiveCfg = Debug|Any CPU
		{A2752CD1-0CC2-42F7-B775-1492D7A4B6BC}.Debug|Any CPU.Build.0 = Debug|Any CPU
		{A2752CD1-0CC2-42F7-B775-1492D7A4B6BC}.Debug|ARM.ActiveCfg = Debug|Any CPU
		{A2752CD1-0CC2-42F7-B775-1492D7A4B6BC}.Debug|ARM.Build.0 = Debug|Any CPU
		{A2752CD1-0CC2-42F7-B775-1492D7A4B6BC}.Debug|iPhone.ActiveCfg = Debug|Any CPU
		{A2752CD1-0CC2-42F7-B775-1492D7A4B6BC}.Debug|iPhone.Build.0 = Debug|Any CPU
		{A2752CD1-0CC2-42F7-B775-1492D7A4B6BC}.Debug|iPhoneSimulator.ActiveCfg = Debug|Any CPU
		{A2752CD1-0CC2-42F7-B775-1492D7A4B6BC}.Debug|iPhoneSimulator.Build.0 = Debug|Any CPU
		{A2752CD1-0CC2-42F7-B775-1492D7A4B6BC}.Debug|x64.ActiveCfg = Debug|Any CPU
		{A2752CD1-0CC2-42F7-B775-1492D7A4B6BC}.Debug|x64.Build.0 = Debug|Any CPU
		{A2752CD1-0CC2-42F7-B775-1492D7A4B6BC}.Debug|x86.ActiveCfg = Debug|Any CPU
		{A2752CD1-0CC2-42F7-B775-1492D7A4B6BC}.Debug|x86.Build.0 = Debug|Any CPU
		{A2752CD1-0CC2-42F7-B775-1492D7A4B6BC}.Release|Any CPU.ActiveCfg = Release|Any CPU
		{A2752CD1-0CC2-42F7-B775-1492D7A4B6BC}.Release|Any CPU.Build.0 = Release|Any CPU
		{A2752CD1-0CC2-42F7-B775-1492D7A4B6BC}.Release|ARM.ActiveCfg = Release|Any CPU
		{A2752CD1-0CC2-42F7-B775-1492D7A4B6BC}.Release|ARM.Build.0 = Release|Any CPU
		{A2752CD1-0CC2-42F7-B775-1492D7A4B6BC}.Release|iPhone.ActiveCfg = Release|Any CPU
		{A2752CD1-0CC2-42F7-B775-1492D7A4B6BC}.Release|iPhone.Build.0 = Release|Any CPU
		{A2752CD1-0CC2-42F7-B775-1492D7A4B6BC}.Release|iPhoneSimulator.ActiveCfg = Release|Any CPU
		{A2752CD1-0CC2-42F7-B775-1492D7A4B6BC}.Release|iPhoneSimulator.Build.0 = Release|Any CPU
		{A2752CD1-0CC2-42F7-B775-1492D7A4B6BC}.Release|x64.ActiveCfg = Release|Any CPU
		{A2752CD1-0CC2-42F7-B775-1492D7A4B6BC}.Release|x64.Build.0 = Release|Any CPU
		{A2752CD1-0CC2-42F7-B775-1492D7A4B6BC}.Release|x86.ActiveCfg = Release|Any CPU
		{A2752CD1-0CC2-42F7-B775-1492D7A4B6BC}.Release|x86.Build.0 = Release|Any CPU
	EndGlobalSection
	GlobalSection(SolutionProperties) = preSolution
		HideSolutionNode = FALSE
	EndGlobalSection
	GlobalSection(ExtensibilityGlobals) = postSolution
		SolutionGuid = {D32B6219-6658-4614-BF22-A4FECA16E38E}
	EndGlobalSection
EndGlobal
